// !$*UTF8*$!
{
	archiveVersion = 1;
	classes = {
	};
	objectVersion = 50;
	objects = {

/* Begin PBXBuildFile section */
		265B768F234E1A4C005D51EB /* AppDelegate.swift in Sources */ = {isa = PBXBuildFile; fileRef = 265B768E234E1A4C005D51EB /* AppDelegate.swift */; };
		265B7691234E1A4C005D51EB /* SceneDelegate.swift in Sources */ = {isa = PBXBuildFile; fileRef = 265B7690234E1A4C005D51EB /* SceneDelegate.swift */; };
		265B7693234E1A4C005D51EB /* ViewController.swift in Sources */ = {isa = PBXBuildFile; fileRef = 265B7692234E1A4C005D51EB /* ViewController.swift */; };
		265B7696234E1A4C005D51EB /* Main.storyboard in Resources */ = {isa = PBXBuildFile; fileRef = 265B7694234E1A4C005D51EB /* Main.storyboard */; };
		265B7698234E1A4F005D51EB /* Assets.xcassets in Resources */ = {isa = PBXBuildFile; fileRef = 265B7697234E1A4F005D51EB /* Assets.xcassets */; };
		265B769B234E1A4F005D51EB /* LaunchScreen.storyboard in Resources */ = {isa = PBXBuildFile; fileRef = 265B7699234E1A4F005D51EB /* LaunchScreen.storyboard */; };
/* End PBXBuildFile section */

/* Begin PBXFileReference section */
		265B768B234E1A4C005D51EB /* Sporting Russia.app */ = {isa = PBXFileReference; explicitFileType = wrapper.application; includeInIndex = 0; path = "Sporting Russia.app"; sourceTree = BUILT_PRODUCTS_DIR; };
		265B768E234E1A4C005D51EB /* AppDelegate.swift */ = {isa = PBXFileReference; lastKnownFileType = sourcecode.swift; path = AppDelegate.swift; sourceTree = "<group>"; };
		265B7690234E1A4C005D51EB /* SceneDelegate.swift */ = {isa = PBXFileReference; lastKnownFileType = sourcecode.swift; path = SceneDelegate.swift; sourceTree = "<group>"; };
		265B7692234E1A4C005D51EB /* ViewController.swift */ = {isa = PBXFileReference; lastKnownFileType = sourcecode.swift; path = ViewController.swift; sourceTree = "<group>"; };
		265B7695234E1A4C005D51EB /* Base */ = {isa = PBXFileReference; lastKnownFileType = file.storyboard; name = Base; path = Base.lproj/Main.storyboard; sourceTree = "<group>"; };
		265B7697234E1A4F005D51EB /* Assets.xcassets */ = {isa = PBXFileReference; lastKnownFileType = folder.assetcatalog; path = Assets.xcassets; sourceTree = "<group>"; };
		265B769A234E1A4F005D51EB /* Base */ = {isa = PBXFileReference; lastKnownFileType = file.storyboard; name = Base; path = Base.lproj/LaunchScreen.storyboard; sourceTree = "<group>"; };
		265B769C234E1A4F005D51EB /* Info.plist */ = {isa = PBXFileReference; lastKnownFileType = text.plist.xml; path = Info.plist; sourceTree = "<group>"; };
/* End PBXFileReference section */

/* Begin PBXFrameworksBuildPhase section */
		265B7688234E1A4C005D51EB /* Frameworks */ = {
			isa = PBXFrameworksBuildPhase;
			buildActionMask = 2147483647;
			files = (
			);
			runOnlyForDeploymentPostprocessing = 0;
		};
/* End PBXFrameworksBuildPhase section */

/* Begin PBXGroup section */
		265B7682234E1A4C005D51EB = {
			isa = PBXGroup;
			children = (
				265B768D234E1A4C005D51EB /* Sporting Russia */,
				265B768C234E1A4C005D51EB /* Products */,
			);
			sourceTree = "<group>";
		};
		265B768C234E1A4C005D51EB /* Products */ = {
			isa = PBXGroup;
			children = (
				265B768B234E1A4C005D51EB /* Sporting Russia.app */,
			);
			name = Products;
			sourceTree = "<group>";
		};
		265B768D234E1A4C005D51EB /* Sporting Russia */ = {
			isa = PBXGroup;
			children = (
				265B768E234E1A4C005D51EB /* AppDelegate.swift */,
				265B7690234E1A4C005D51EB /* SceneDelegate.swift */,
				265B7692234E1A4C005D51EB /* ViewController.swift */,
				265B7694234E1A4C005D51EB /* Main.storyboard */,
				265B7697234E1A4F005D51EB /* Assets.xcassets */,
				265B7699234E1A4F005D51EB /* LaunchScreen.storyboard */,
				265B769C234E1A4F005D51EB /* Info.plist */,
			);
			path = "Sporting Russia";
			sourceTree = "<group>";
		};
/* End PBXGroup section */

/* Begin PBXNativeTarget section */
		265B768A234E1A4C005D51EB /* Sporting Russia */ = {
			isa = PBXNativeTarget;
			buildConfigurationList = 265B769F234E1A4F005D51EB /* Build configuration list for PBXNativeTarget "Sporting Russia" */;
			buildPhases = (
				265B7687234E1A4C005D51EB /* Sources */,
				265B7688234E1A4C005D51EB /* Frameworks */,
				265B7689234E1A4C005D51EB /* Resources */,
			);
			buildRules = (
			);
			dependencies = (
			);
			name = "Sporting Russia";
			productName = "Sporting Russia";
			productReference = 265B768B234E1A4C005D51EB /* Sporting Russia.app */;
			productType = "com.apple.product-type.application";
		};
/* End PBXNativeTarget section */

/* Begin PBXProject section */
		265B7683234E1A4C005D51EB /* Project object */ = {
			isa = PBXProject;
			attributes = {
				LastSwiftUpdateCheck = 1110;
				LastUpgradeCheck = 1110;
				ORGANIZATIONNAME = "Eduard Siniakov";
				TargetAttributes = {
					265B768A234E1A4C005D51EB = {
						CreatedOnToolsVersion = 11.1;
					};
				};
			};
			buildConfigurationList = 265B7686234E1A4C005D51EB /* Build configuration list for PBXProject "Sporting Russia" */;
			compatibilityVersion = "Xcode 9.3";
			developmentRegion = en;
			hasScannedForEncodings = 0;
			knownRegions = (
				en,
				Base,
			);
			mainGroup = 265B7682234E1A4C005D51EB;
			productRefGroup = 265B768C234E1A4C005D51EB /* Products */;
			projectDirPath = "";
			projectRoot = "";
			targets = (
				265B768A234E1A4C005D51EB /* Sporting Russia */,
			);
		};
/* End PBXProject section */

/* Begin PBXResourcesBuildPhase section */
		265B7689234E1A4C005D51EB /* Resources */ = {
			isa = PBXResourcesBuildPhase;
			buildActionMask = 2147483647;
			files = (
				265B769B234E1A4F005D51EB /* LaunchScreen.storyboard in Resources */,
				265B7698234E1A4F005D51EB /* Assets.xcassets in Resources */,
				265B7696234E1A4C005D51EB /* Main.storyboard in Resources */,
			);
			runOnlyForDeploymentPostprocessing = 0;
		};
/* End PBXResourcesBuildPhase section */

/* Begin PBXSourcesBuildPhase section */
		265B7687234E1A4C005D51EB /* Sources */ = {
			isa = PBXSourcesBuildPhase;
			buildActionMask = 2147483647;
			files = (
				265B7693234E1A4C005D51EB /* ViewController.swift in Sources */,
				265B768F234E1A4C005D51EB /* AppDelegate.swift in Sources */,
				265B7691234E1A4C005D51EB /* SceneDelegate.swift in Sources */,
			);
			runOnlyForDeploymentPostprocessing = 0;
		};
/* End PBXSourcesBuildPhase section */

/* Begin PBXVariantGroup section */
		265B7694234E1A4C005D51EB /* Main.storyboard */ = {
			isa = PBXVariantGroup;
			children = (
				265B7695234E1A4C005D51EB /* Base */,
			);
			name = Main.storyboard;
			sourceTree = "<group>";
		};
		265B7699234E1A4F005D51EB /* LaunchScreen.storyboard */ = {
			isa = PBXVariantGroup;
			children = (
				265B769A234E1A4F005D51EB /* Base */,
			);
			name = LaunchScreen.storyboard;
			sourceTree = "<group>";
		};
/* End PBXVariantGroup section */

/* Begin XCBuildConfiguration section */
		265B769D234E1A4F005D51EB /* Debug */ = {
			isa = XCBuildConfiguration;
			buildSettings = {
				ALWAYS_SEARCH_USER_PATHS = NO;
				CLANG_ANALYZER_NONNULL = YES;
				CLANG_ANALYZER_NUMBER_OBJECT_CONVERSION = YES_AGGRESSIVE;
				CLANG_CXX_LANGUAGE_STANDARD = "gnu++14";
				CLANG_CXX_LIBRARY = "libc++";
				CLANG_ENABLE_MODULES = YES;
				CLANG_ENABLE_OBJC_ARC = YES;
				CLANG_ENABLE_OBJC_WEAK = YES;
				CLANG_WARN_BLOCK_CAPTURE_AUTORELEASING = YES;
				CLANG_WARN_BOOL_CONVERSION = YES;
				CLANG_WARN_COMMA = YES;
				CLANG_WARN_CONSTANT_CONVERSION = YES;
				CLANG_WARN_DEPRECATED_OBJC_IMPLEMENTATIONS = YES;
				CLANG_WARN_DIRECT_OBJC_ISA_USAGE = YES_ERROR;
				CLANG_WARN_DOCUMENTATION_COMMENTS = YES;
				CLANG_WARN_EMPTY_BODY = YES;
				CLANG_WARN_ENUM_CONVERSION = YES;
				CLANG_WARN_INFINITE_RECURSION = YES;
				CLANG_WARN_INT_CONVERSION = YES;
				CLANG_WARN_NON_LITERAL_NULL_CONVERSION = YES;
				CLANG_WARN_OBJC_IMPLICIT_RETAIN_SELF = YES;
				CLANG_WARN_OBJC_LITERAL_CONVERSION = YES;
				CLANG_WARN_OBJC_ROOT_CLASS = YES_ERROR;
				CLANG_WARN_RANGE_LOOP_ANALYSIS = YES;
				CLANG_WARN_STRICT_PROTOTYPES = YES;
				CLANG_WARN_SUSPICIOUS_MOVE = YES;
				CLANG_WARN_UNGUARDED_AVAILABILITY = YES_AGGRESSIVE;
				CLANG_WARN_UNREACHABLE_CODE = YES;
				CLANG_WARN__DUPLICATE_METHOD_MATCH = YES;
				COPY_PHASE_STRIP = NO;
				DEBUG_INFORMATION_FORMAT = dwarf;
				ENABLE_STRICT_OBJC_MSGSEND = YES;
				ENABLE_TESTABILITY = YES;
				GCC_C_LANGUAGE_STANDARD = gnu11;
				GCC_DYNAMIC_NO_PIC = NO;
				GCC_NO_COMMON_BLOCKS = YES;
				GCC_OPTIMIZATION_LEVEL = 0;
				GCC_PREPROCESSOR_DEFINITIONS = (
					"DEBUG=1",
					"$(inherited)",
				);
				GCC_WARN_64_TO_32_BIT_CONVERSION = YES;
				GCC_WARN_ABOUT_RETURN_TYPE = YES_ERROR;
				GCC_WARN_UNDECLARED_SELECTOR = YES;
				GCC_WARN_UNINITIALIZED_AUTOS = YES_AGGRESSIVE;
				GCC_WARN_UNUSED_FUNCTION = YES;
				GCC_WARN_UNUSED_VARIABLE = YES;
				IPHONEOS_DEPLOYMENT_TARGET = 13.1;
				MTL_ENABLE_DEBUG_INFO = INCLUDE_SOURCE;
				MTL_FAST_MATH = YES;
				ONLY_ACTIVE_ARCH = YES;
				SDKROOT = iphoneos;
				SWIFT_ACTIVE_COMPILATION_CONDITIONS = DEBUG;
				SWIFT_OPTIMIZATION_LEVEL = "-Onone";
			};
			name = Debug;
		};
		265B769E234E1A4F005D51EB /* Release */ = {
			isa = XCBuildConfiguration;
			buildSettings = {
				ALWAYS_SEARCH_USER_PATHS = NO;
				CLANG_ANALYZER_NONNULL = YES;
				CLANG_ANALYZER_NUMBER_OBJECT_CONVERSION = YES_AGGRESSIVE;
				CLANG_CXX_LANGUAGE_STANDARD = "gnu++14";
				CLANG_CXX_LIBRARY = "libc++";
				CLANG_ENABLE_MODULES = YES;
				CLANG_ENABLE_OBJC_ARC = YES;
				CLANG_ENABLE_OBJC_WEAK = YES;
				CLANG_WARN_BLOCK_CAPTURE_AUTORELEASING = YES;
				CLANG_WARN_BOOL_CONVERSION = YES;
				CLANG_WARN_COMMA = YES;
				CLANG_WARN_CONSTANT_CONVERSION = YES;
				CLANG_WARN_DEPRECATED_OBJC_IMPLEMENTATIONS = YES;
				CLANG_WARN_DIRECT_OBJC_ISA_USAGE = YES_ERROR;
				CLANG_WARN_DOCUMENTATION_COMMENTS = YES;
				CLANG_WARN_EMPTY_BODY = YES;
				CLANG_WARN_ENUM_CONVERSION = YES;
				CLANG_WARN_INFINITE_RECURSION = YES;
				CLANG_WARN_INT_CONVERSION = YES;
				CLANG_WARN_NON_LITERAL_NULL_CONVERSION = YES;
				CLANG_WARN_OBJC_IMPLICIT_RETAIN_SELF = YES;
				CLANG_WARN_OBJC_LITERAL_CONVERSION = YES;
				CLANG_WARN_OBJC_ROOT_CLASS = YES_ERROR;
				CLANG_WARN_RANGE_LOOP_ANALYSIS = YES;
				CLANG_WARN_STRICT_PROTOTYPES = YES;
				CLANG_WARN_SUSPICIOUS_MOVE = YES;
				CLANG_WARN_UNGUARDED_AVAILABILITY = YES_AGGRESSIVE;
				CLANG_WARN_UNREACHABLE_CODE = YES;
				CLANG_WARN__DUPLICATE_METHOD_MATCH = YES;
				COPY_PHASE_STRIP = NO;
				DEBUG_INFORMATION_FORMAT = "dwarf-with-dsym";
				ENABLE_NS_ASSERTIONS = NO;
				ENABLE_STRICT_OBJC_MSGSEND = YES;
				GCC_C_LANGUAGE_STANDARD = gnu11;
				GCC_NO_COMMON_BLOCKS = YES;
				GCC_WARN_64_TO_32_BIT_CONVERSION = YES;
				GCC_WARN_ABOUT_RETURN_TYPE = YES_ERROR;
				GCC_WARN_UNDECLARED_SELECTOR = YES;
				GCC_WARN_UNINITIALIZED_AUTOS = YES_AGGRESSIVE;
				GCC_WARN_UNUSED_FUNCTION = YES;
				GCC_WARN_UNUSED_VARIABLE = YES;
				IPHONEOS_DEPLOYMENT_TARGET = 13.1;
				MTL_ENABLE_DEBUG_INFO = NO;
				MTL_FAST_MATH = YES;
				SDKROOT = iphoneos;
				SWIFT_COMPILATION_MODE = wholemodule;
				SWIFT_OPTIMIZATION_LEVEL = "-O";
				VALIDATE_PRODUCT = YES;
			};
			name = Release;
		};
		265B76A0234E1A4F005D51EB /* Debug */ = {
			isa = XCBuildConfiguration;
			buildSettings = {
				ASSETCATALOG_COMPILER_APPICON_NAME = AppIcon;
				CODE_SIGN_STYLE = Automatic;
				DEVELOPMENT_TEAM = 35U3SKBK64;
				INFOPLIST_FILE = "Sporting Russia/Info.plist";
				LD_RUNPATH_SEARCH_PATHS = (
					"$(inherited)",
					"@executable_path/Frameworks",
				);
				PRODUCT_BUNDLE_IDENTIFIER = "Eduard-Siniakov.Sporting-Russia";
				PRODUCT_NAME = "$(TARGET_NAME)";
				SWIFT_VERSION = 5.0;
				TARGETED_DEVICE_FAMILY = "1,2";
			};
			name = Debug;
		};
		265B76A1234E1A4F005D51EB /* Release */ = {
			isa = XCBuildConfiguration;
			buildSettings = {
				ASSETCATALOG_COMPILER_APPICON_NAME = AppIcon;
				CODE_SIGN_STYLE = Automatic;
				DEVELOPMENT_TEAM = 35U3SKBK64;
				INFOPLIST_FILE = "Sporting Russia/Info.plist";
				LD_RUNPATH_SEARCH_PATHS = (
					"$(inherited)",
					"@executable_path/Frameworks",
				);
				PRODUCT_BUNDLE_IDENTIFIER = "Eduard-Siniakov.Sporting-Russia";
				PRODUCT_NAME = "$(TARGET_NAME)";
				SWIFT_VERSION = 5.0;
				TARGETED_DEVICE_FAMILY = "1,2";
			};
			name = Release;
		};
/* End XCBuildConfiguration section */

/* Begin XCConfigurationList section */
		265B7686234E1A4C005D51EB /* Build configuration list for PBXProject "Sporting Russia" */ = {
			isa = XCConfigurationList;
			buildConfigurations = (
				265B769D234E1A4F005D51EB /* Debug */,
				265B769E234E1A4F005D51EB /* Release */,
			);
			defaultConfigurationIsVisible = 0;
			defaultConfigurationName = Release;
		};
		265B769F234E1A4F005D51EB /* Build configuration list for PBXNativeTarget "Sporting Russia" */ = {
			isa = XCConfigurationList;
			buildConfigurations = (
				265B76A0234E1A4F005D51EB /* Debug */,
				265B76A1234E1A4F005D51EB /* Release */,
			);
			defaultConfigurationIsVisible = 0;
			defaultConfigurationName = Release;
		};
/* End XCConfigurationList section */
	};
	rootObject = 265B7683234E1A4C005D51EB /* Project object */;
}
